
Microsoft Visual Studio Solution File, Format Version 12.00
# Visual Studio Version 16
VisualStudioVersion = 16.0.30907.101
MinimumVisualStudioVersion = 10.0.40219.1
Project("{FAE04EC0-301F-11D3-BF4B-00C04F79EFBC}") = "ByteBank", "ByteBank\ByteBank.csproj", "{FD6EDC0D-3766-4B07-B45D-6B6A54AAF351}"
EndProject
Global
	GlobalSection(SolutionConfigurationPlatforms) = preSolution
		Debug|Any CPU = Debug|Any CPU
		Release|Any CPU = Release|Any CPU
	EndGlobalSection
	GlobalSection(ProjectConfigurationPlatforms) = postSolution
		{FD6EDC0D-3766-4B07-B45D-6B6A54AAF351}.Debug|Any CPU.ActiveCfg = Debug|Any CPU
		{FD6EDC0D-3766-4B07-B45D-6B6A54AAF351}.Debug|Any CPU.Build.0 = Debug|Any CPU
		{FD6EDC0D-3766-4B07-B45D-6B6A54AAF351}.Release|Any CPU.ActiveCfg = Release|Any CPU
		{FD6EDC0D-3766-4B07-B45D-6B6A54AAF351}.Release|Any CPU.Build.0 = Release|Any CPU
	EndGlobalSection
	GlobalSection(SolutionProperties) = preSolution
		HideSolutionNode = FALSE
	EndGlobalSection
	GlobalSection(ExtensibilityGlobals) = postSolution
		SolutionGuid = {032CF194-0C82-4A6A-9386-05EB434C6802}
	EndGlobalSection
EndGlobal
