
Microsoft Visual Studio Solution File, Format Version 12.00
# Visual Studio Version 16
VisualStudioVersion = 16.0.30907.101
MinimumVisualStudioVersion = 10.0.40219.1
Project("{FAE04EC0-301F-11D3-BF4B-00C04F79EFBC}") = "ByteBank.SistemaAgencia", "ByteBank.SistemaAgencia\ByteBank.SistemaAgencia.csproj", "{1F7E54ED-B44A-4D36-80FF-93BE417E3339}"
EndProject
Project("{FAE04EC0-301F-11D3-BF4B-00C04F79EFBC}") = "ByteBank.Modelos", "ByteBank.Modelos\ByteBank.Modelos.csproj", "{4E7EF9ED-59E7-4432-90F4-1C888D1108EF}"
EndProject
Global
	GlobalSection(SolutionConfigurationPlatforms) = preSolution
		Debug|Any CPU = Debug|Any CPU
		Release|Any CPU = Release|Any CPU
	EndGlobalSection
	GlobalSection(ProjectConfigurationPlatforms) = postSolution
		{1F7E54ED-B44A-4D36-80FF-93BE417E3339}.Debug|Any CPU.ActiveCfg = Debug|Any CPU
		{1F7E54ED-B44A-4D36-80FF-93BE417E3339}.Debug|Any CPU.Build.0 = Debug|Any CPU
		{1F7E54ED-B44A-4D36-80FF-93BE417E3339}.Release|Any CPU.ActiveCfg = Release|Any CPU
		{1F7E54ED-B44A-4D36-80FF-93BE417E3339}.Release|Any CPU.Build.0 = Release|Any CPU
		{4E7EF9ED-59E7-4432-90F4-1C888D1108EF}.Debug|Any CPU.ActiveCfg = Debug|Any CPU
		{4E7EF9ED-59E7-4432-90F4-1C888D1108EF}.Debug|Any CPU.Build.0 = Debug|Any CPU
		{4E7EF9ED-59E7-4432-90F4-1C888D1108EF}.Release|Any CPU.ActiveCfg = Release|Any CPU
		{4E7EF9ED-59E7-4432-90F4-1C888D1108EF}.Release|Any CPU.Build.0 = Release|Any CPU
	EndGlobalSection
	GlobalSection(SolutionProperties) = preSolution
		HideSolutionNode = FALSE
	EndGlobalSection
	GlobalSection(ExtensibilityGlobals) = postSolution
		SolutionGuid = {66FEEF1D-316C-475A-A230-F4CCDD1E2D3E}
	EndGlobalSection
EndGlobal
